
Microsoft Visual Studio Solution File, Format Version 12.00
# Visual Studio Version 17
VisualStudioVersion = 17.0.31903.59
MinimumVisualStudioVersion = 10.0.40219.1
Project("{FAE04EC0-301F-11D3-BF4B-00C04F79EFBC}") = "algs", "algs\algs.csproj", "{1817467F-C236-4B02-88A8-7C6C26DEB4C4}"
EndProject
Project("{FAE04EC0-301F-11D3-BF4B-00C04F79EFBC}") = "utils", "utils\utils.csproj", "{93707CA0-C3AD-4203-9054-7D4AA63265FF}"
EndProject
Project("{FAE04EC0-301F-11D3-BF4B-00C04F79EFBC}") = "algs.console", "algs.console\algs.console.csproj", "{DC41FCB3-A9EE-41D3-8E8A-C19266D2985C}"
EndProject
Project("{FAE04EC0-301F-11D3-BF4B-00C04F79EFBC}") = "algs.bench", "algs.bench\algs.bench.csproj", "{CDF56AB1-7FFD-4A72-85C8-F24F18BEE961}"
EndProject
Project("{FAE04EC0-301F-11D3-BF4B-00C04F79EFBC}") = "algs.test", "algs.test\algs.test.csproj", "{72C0C1C4-91E5-4D0B-B2B1-8FC763C003B5}"
EndProject
Global
	GlobalSection(SolutionConfigurationPlatforms) = preSolution
		Debug|Any CPU = Debug|Any CPU
		Release|Any CPU = Release|Any CPU
	EndGlobalSection
	GlobalSection(SolutionProperties) = preSolution
		HideSolutionNode = FALSE
	EndGlobalSection
	GlobalSection(ProjectConfigurationPlatforms) = postSolution
		{1817467F-C236-4B02-88A8-7C6C26DEB4C4}.Debug|Any CPU.ActiveCfg = Debug|Any CPU
		{1817467F-C236-4B02-88A8-7C6C26DEB4C4}.Debug|Any CPU.Build.0 = Debug|Any CPU
		{1817467F-C236-4B02-88A8-7C6C26DEB4C4}.Release|Any CPU.ActiveCfg = Release|Any CPU
		{1817467F-C236-4B02-88A8-7C6C26DEB4C4}.Release|Any CPU.Build.0 = Release|Any CPU
		{93707CA0-C3AD-4203-9054-7D4AA63265FF}.Debug|Any CPU.ActiveCfg = Debug|Any CPU
		{93707CA0-C3AD-4203-9054-7D4AA63265FF}.Debug|Any CPU.Build.0 = Debug|Any CPU
		{93707CA0-C3AD-4203-9054-7D4AA63265FF}.Release|Any CPU.ActiveCfg = Release|Any CPU
		{93707CA0-C3AD-4203-9054-7D4AA63265FF}.Release|Any CPU.Build.0 = Release|Any CPU
		{DC41FCB3-A9EE-41D3-8E8A-C19266D2985C}.Debug|Any CPU.ActiveCfg = Debug|Any CPU
		{DC41FCB3-A9EE-41D3-8E8A-C19266D2985C}.Debug|Any CPU.Build.0 = Debug|Any CPU
		{DC41FCB3-A9EE-41D3-8E8A-C19266D2985C}.Release|Any CPU.ActiveCfg = Release|Any CPU
		{DC41FCB3-A9EE-41D3-8E8A-C19266D2985C}.Release|Any CPU.Build.0 = Release|Any CPU
		{CDF56AB1-7FFD-4A72-85C8-F24F18BEE961}.Debug|Any CPU.ActiveCfg = Debug|Any CPU
		{CDF56AB1-7FFD-4A72-85C8-F24F18BEE961}.Debug|Any CPU.Build.0 = Debug|Any CPU
		{CDF56AB1-7FFD-4A72-85C8-F24F18BEE961}.Release|Any CPU.ActiveCfg = Release|Any CPU
		{CDF56AB1-7FFD-4A72-85C8-F24F18BEE961}.Release|Any CPU.Build.0 = Release|Any CPU
		{72C0C1C4-91E5-4D0B-B2B1-8FC763C003B5}.Debug|Any CPU.ActiveCfg = Debug|Any CPU
		{72C0C1C4-91E5-4D0B-B2B1-8FC763C003B5}.Debug|Any CPU.Build.0 = Debug|Any CPU
		{72C0C1C4-91E5-4D0B-B2B1-8FC763C003B5}.Release|Any CPU.ActiveCfg = Release|Any CPU
		{72C0C1C4-91E5-4D0B-B2B1-8FC763C003B5}.Release|Any CPU.Build.0 = Release|Any CPU
	EndGlobalSection
EndGlobal
